
Microsoft Visual Studio Solution File, Format Version 12.00
# Visual Studio 2012
Project("{8BC9CEB8-8B4A-11D0-8D11-00A0C91BC942}") = "DuplicateFiles", "DuplicateFiles\DuplicateFiles.vcxproj", "{BED518D5-4B3D-4ED4-BA53-9E5CC7113A4F}"
EndProject
Global
	GlobalSection(SolutionConfigurationPlatforms) = preSolution
		Debug|Win32 = Debug|Win32
		Release|Win32 = Release|Win32
	EndGlobalSection
	GlobalSection(ProjectConfigurationPlatforms) = postSolution
		{BED518D5-4B3D-4ED4-BA53-9E5CC7113A4F}.Debug|Win32.ActiveCfg = Debug|Win32
		{BED518D5-4B3D-4ED4-BA53-9E5CC7113A4F}.Debug|Win32.Build.0 = Debug|Win32
		{BED518D5-4B3D-4ED4-BA53-9E5CC7113A4F}.Release|Win32.ActiveCfg = Release|Win32
		{BED518D5-4B3D-4ED4-BA53-9E5CC7113A4F}.Release|Win32.Build.0 = Release|Win32
	EndGlobalSection
	GlobalSection(SolutionProperties) = preSolution
		HideSolutionNode = FALSE
	EndGlobalSection
EndGlobal
